{
  "name": "zatca-xml-js",
  "lockfileVersion": 2,
  "requires": true,
  "packages": {
    "": {
      "dependencies": {
        "@fidm/x509": "^1.2.1",
        "asn1.js-rfc5280": "^3.0.0",
        "fast-xml-parser": "^4.0.9",
        "lodash": "^4.17.21",
        "moment": "^2.29.4",
        "xmldom": "^0.6.0",
        "xmldsigjs": "^2.5.0"
      },
      "devDependencies": {
        "@types/lodash": "^4.14.184",
        "@types/node": "^18.7.16",
        "@types/xmldom": "^0.1.31",
        "typescript": "^4.8.3"
      }
    },
    "node_modules/@fidm/asn1": {
      "version": "1.0.4",
      "resolved": "https://registry.npmjs.org/@fidm/asn1/-/asn1-1.0.4.tgz",
      "integrity": "sha512-esd1jyNvRb2HVaQGq2Gg8Z0kbQPXzV9Tq5Z14KNIov6KfFD6PTaRIO8UpcsYiTNzOqJpmyzWgVTrUwFV3UF4TQ==",
      "engines": {
        "node": ">= 8"
      }
    },
    "node_modules/@fidm/x509": {
      "version": "1.2.1",
      "resolved": "https://registry.npmjs.org/@fidm/x509/-/x509-1.2.1.tgz",
      "integrity": "sha512-nwc2iesjyc9hkuzcrMCBXQRn653XuAUKorfWM8PZyJawiy1QzLj4vahwzaI25+pfpwOLvMzbJ0uKpWLDNmo16w==",
      "dependencies": {
        "@fidm/asn1": "^1.0.4",
        "tweetnacl": "^1.0.1"
      },
      "engines": {
        "node": ">= 8"
      }
    },
    "node_modules/@types/lodash": {
      "version": "4.14.184",
      "resolved": "https://registry.npmjs.org/@types/lodash/-/lodash-4.14.184.tgz",
      "integrity": "sha512-RoZphVtHbxPZizt4IcILciSWiC6dcn+eZ8oX9IWEYfDMcocdd42f7NPI6fQj+6zI8y4E0L7gu2pcZKLGTRaV9Q==",
      "dev": true
    },
    "node_modules/@types/node": {
      "version": "18.7.16",
      "resolved": "https://registry.npmjs.org/@types/node/-/node-18.7.16.tgz",
      "integrity": "sha512-EQHhixfu+mkqHMZl1R2Ovuvn47PUw18azMJOTwSZr9/fhzHNGXAJ0ma0dayRVchprpCj0Kc1K1xKoWaATWF1qg==",
      "dev": true
    },
    "node_modules/@types/xmldom": {
      "version": "0.1.31",
      "resolved": "https://registry.npmjs.org/@types/xmldom/-/xmldom-0.1.31.tgz",
      "integrity": "sha512-bVy7s0nvaR5D1mT1a8ZkByHWNOGb6Vn4yi5TWhEdmyKlAG+08SA7Md6+jH+tYmMLueAwNeWvHHpeKrr6S4c4BA==",
      "dev": true
    },
    "node_modules/@xmldom/xmldom": {
      "version": "0.8.2",
      "resolved": "https://registry.npmjs.org/@xmldom/xmldom/-/xmldom-0.8.2.tgz",
      "integrity": "sha512-+R0juSseERyoPvnBQ/cZih6bpF7IpCXlWbHRoCRzYzqpz6gWHOgf8o4MOEf6KBVuOyqU+gCNLkCWVIJAro8XyQ==",
      "engines": {
        "node": ">=10.0.0"
      }
    },
    "node_modules/asn1.js": {
      "version": "5.4.1",
      "resolved": "https://registry.npmjs.org/asn1.js/-/asn1.js-5.4.1.tgz",
      "integrity": "sha512-+I//4cYPccV8LdmBLiX8CYvf9Sp3vQsrqu2QNXRcrbiWvcx/UdlFiqUJJzxRQxgsZmvhXhn4cSKeSmoFjVdupA==",
      "dependencies": {
        "bn.js": "^4.0.0",
        "inherits": "^2.0.1",
        "minimalistic-assert": "^1.0.0",
        "safer-buffer": "^2.1.0"
      }
    },
    "node_modules/asn1.js-rfc5280": {
      "version": "3.0.0",
      "resolved": "https://registry.npmjs.org/asn1.js-rfc5280/-/asn1.js-rfc5280-3.0.0.tgz",
      "integrity": "sha512-Y2LZPOWeZ6qehv698ZgOGGCZXBQShObWnGthTrIFlIQjuV1gg2B8QOhWFRExq/MR1VnPpIIe7P9vX2vElxv+Pg==",
      "dependencies": {
        "asn1.js": "^5.0.0"
      }
    },
    "node_modules/asn1js": {
      "version": "2.4.0",
      "resolved": "https://registry.npmjs.org/asn1js/-/asn1js-2.4.0.tgz",
      "integrity": "sha512-PvZC0FMyMut8aOnR2jAEGSkmRtHIUYPe9amUEnGjr9TdnUmsfoOkjrvUkOEU9mzpYBR1HyO9bF+8U1cLTMMHhQ==",
      "dependencies": {
        "pvutils": "^1.1.3"
      },
      "engines": {
        "node": ">=6.0.0"
      }
    },
    "node_modules/bn.js": {
      "version": "4.12.0",
      "resolved": "https://registry.npmjs.org/bn.js/-/bn.js-4.12.0.tgz",
      "integrity": "sha512-c98Bf3tPniI+scsdk237ku1Dc3ujXQTSgyiPUDEOe7tRkhrqridvh8klBv0HCEso1OLOYcHuCv/cS6DNxKH+ZA=="
    },
    "node_modules/fast-xml-parser": {
      "version": "4.0.9",
      "resolved": "https://registry.npmjs.org/fast-xml-parser/-/fast-xml-parser-4.0.9.tgz",
      "integrity": "sha512-4G8EzDg2Nb1Qurs3f7BpFV4+jpMVsdgLVuG1Uv8O2OHJfVCg7gcA53obuKbmVqzd4Y7YXVBK05oJG7hzGIdyzg==",
      "dependencies": {
        "strnum": "^1.0.5"
      },
      "bin": {
        "fxparser": "src/cli/cli.js"
      },
      "funding": {
        "type": "paypal",
        "url": "https://paypal.me/naturalintelligence"
      }
    },
    "node_modules/inherits": {
      "version": "2.0.4",
      "resolved": "https://registry.npmjs.org/inherits/-/inherits-2.0.4.tgz",
      "integrity": "sha512-k/vGaX4/Yla3WzyMCvTQOXYeIHvqOKtnqBduzTHpzpQZzAskKMhZ2K+EnBiSM9zGSoIFeMpXKxa4dYeZIQqewQ=="
    },
    "node_modules/lodash": {
      "version": "4.17.21",
      "resolved": "https://registry.npmjs.org/lodash/-/lodash-4.17.21.tgz",
      "integrity": "sha512-v2kDEe57lecTulaDIuNTPy3Ry4gLGJ6Z1O3vE1krgXZNrsQ+LFTGHVxVjcXPs17LhbZVGedAJv8XZ1tvj5FvSg=="
    },
    "node_modules/minimalistic-assert": {
      "version": "1.0.1",
      "resolved": "https://registry.npmjs.org/minimalistic-assert/-/minimalistic-assert-1.0.1.tgz",
      "integrity": "sha512-UtJcAD4yEaGtjPezWuO9wC4nwUnVH/8/Im3yEHQP4b67cXlD/Qr9hdITCU1xDbSEXg2XKNaP8jsReV7vQd00/A=="
    },
    "node_modules/moment": {
      "version": "2.29.4",
      "resolved": "https://registry.npmjs.org/moment/-/moment-2.29.4.tgz",
      "integrity": "sha512-5LC9SOxjSc2HF6vO2CyuTDNivEdoz2IvyJJGj6X8DJ0eFyfszE0QiEd+iXmBvUP3WHxSjFH/vIsA0EN00cgr8w==",
      "engines": {
        "node": "*"
      }
    },
    "node_modules/pvtsutils": {
      "version": "1.3.2",
      "resolved": "https://registry.npmjs.org/pvtsutils/-/pvtsutils-1.3.2.tgz",
      "integrity": "sha512-+Ipe2iNUyrZz+8K/2IOo+kKikdtfhRKzNpQbruF2URmqPtoqAs8g3xS7TJvFF2GcPXjh7DkqMnpVveRFq4PgEQ==",
      "dependencies": {
        "tslib": "^2.4.0"
      }
    },
    "node_modules/pvutils": {
      "version": "1.1.3",
      "resolved": "https://registry.npmjs.org/pvutils/-/pvutils-1.1.3.tgz",
      "integrity": "sha512-pMpnA0qRdFp32b1sJl1wOJNxZLQ2cbQx+k6tjNtZ8CpvVhNqEPRgivZ2WOUev2YMajecdH7ctUPDvEe87nariQ==",
      "engines": {
        "node": ">=6.0.0"
      }
    },
    "node_modules/safer-buffer": {
      "version": "2.1.2",
      "resolved": "https://registry.npmjs.org/safer-buffer/-/safer-buffer-2.1.2.tgz",
      "integrity": "sha512-YZo3K82SD7Riyi0E1EQPojLz7kpepnSQI9IyPbHHg1XXXevb5dJI7tpyN2ADxGcQbHG7vcyRHk0cbwqcQriUtg=="
    },
    "node_modules/strnum": {
      "version": "1.0.5",
      "resolved": "https://registry.npmjs.org/strnum/-/strnum-1.0.5.tgz",
      "integrity": "sha512-J8bbNyKKXl5qYcR36TIO8W3mVGVHrmmxsd5PAItGkmyzwJvybiw2IVq5nqd0i4LSNSkB/sx9VHllbfFdr9k1JA=="
    },
    "node_modules/tslib": {
      "version": "2.4.0",
      "resolved": "https://registry.npmjs.org/tslib/-/tslib-2.4.0.tgz",
      "integrity": "sha512-d6xOpEDfsi2CZVlPQzGeux8XMwLT9hssAsaPYExaQMuYskwb+x1x7J371tWlbBdWHroy99KnVB6qIkUbs5X3UQ=="
    },
    "node_modules/tweetnacl": {
      "version": "1.0.3",
      "resolved": "https://registry.npmjs.org/tweetnacl/-/tweetnacl-1.0.3.tgz",
      "integrity": "sha512-6rt+RN7aOi1nGMyC4Xa5DdYiukl2UWCbcJft7YhxReBGQD7OAM8Pbxw6YMo4r2diNEA8FEmu32YOn9rhaiE5yw=="
    },
    "node_modules/typescript": {
      "version": "4.8.3",
      "resolved": "https://registry.npmjs.org/typescript/-/typescript-4.8.3.tgz",
      "integrity": "sha512-goMHfm00nWPa8UvR/CPSvykqf6dVV8x/dp0c5mFTMTIu0u0FlGWRioyy7Nn0PGAdHxpJZnuO/ut+PpQ8UiHAig==",
      "dev": true,
      "bin": {
        "tsc": "bin/tsc",
        "tsserver": "bin/tsserver"
      },
      "engines": {
        "node": ">=4.2.0"
      }
    },
    "node_modules/xml-core": {
      "version": "1.1.5",
      "resolved": "https://registry.npmjs.org/xml-core/-/xml-core-1.1.5.tgz",
      "integrity": "sha512-6pZbMgvvtSxXSLmWkUPgFi274oljUHCBKm9GS4ySCXhXCODbJwB8e/UHHzbnnm4X1vVWMfXcip2vrLxN6KSbMw==",
      "dependencies": {
        "@xmldom/xmldom": "^0.8.2",
        "tslib": "^2.4.0",
        "xpath.js": "^1.1.0"
      }
    },
    "node_modules/xmldom": {
      "version": "0.6.0",
      "resolved": "https://registry.npmjs.org/xmldom/-/xmldom-0.6.0.tgz",
      "integrity": "sha512-iAcin401y58LckRZ0TkI4k0VSM1Qg0KGSc3i8rU+xrxe19A/BN1zHyVSJY7uoutVlaTSzYyk/v5AmkewAP7jtg==",
      "engines": {
        "node": ">=10.0.0"
      }
    },
    "node_modules/xmldsigjs": {
      "version": "2.5.0",
      "resolved": "https://registry.npmjs.org/xmldsigjs/-/xmldsigjs-2.5.0.tgz",
      "integrity": "sha512-1qh8+QCZk1zsL9yed3YD34vYGuFBDRowBlVPAiUAT9RRzjtSFRa28+wca+8AuLvFAzXEvvoRSS8A6zS3dpZEyw==",
      "dependencies": {
        "asn1js": "^2.4.0",
        "pkijs": "^2.3.0",
        "pvtsutils": "^1.3.2",
        "pvutils": "^1.1.3",
        "tslib": "^2.4.0",
        "xml-core": "^1.1.4",
        "xpath": "^0.0.32"
      }
    },
    "node_modules/xmldsigjs/node_modules/bytestreamjs": {
      "version": "1.1.3",
      "resolved": "https://registry.npmjs.org/bytestreamjs/-/bytestreamjs-1.1.3.tgz",
      "integrity": "sha512-JDGoiJ+yt+4Ui1e/vMWx5TRvmnErBBbsOkprXgbe1fRp2XZzI8MoknoiR/ZVCya9aWJbOhrJ5Heon1wrAdftkg==",
      "engines": {
        "node": ">=6.0.0"
      }
    },
    "node_modules/xmldsigjs/node_modules/pkijs": {
      "version": "2.4.0",
      "resolved": "https://registry.npmjs.org/pkijs/-/pkijs-2.4.0.tgz",
      "integrity": "sha512-cjJP/mYuGyMrjJ49jI04khId5Oufd3nFTUYBzQTIIVNI7/oAWdwXEfpwTF8HELFV/gz+WGYUBHCe3KHWD8rYvg==",
      "dependencies": {
        "asn1js": "^3.0.3",
        "bytestreamjs": "^1.0.29",
        "pvutils": "^1.1.3"
      },
      "engines": {
        "node": ">=6.0.0"
      }
    },
    "node_modules/xmldsigjs/node_modules/pkijs/node_modules/asn1js": {
      "version": "3.0.5",
      "resolved": "https://registry.npmjs.org/asn1js/-/asn1js-3.0.5.tgz",
      "integrity": "sha512-FVnvrKJwpt9LP2lAMl8qZswRNm3T4q9CON+bxldk2iwk3FFpuwhx2FfinyitizWHsVYyaY+y5JzDR0rCMV5yTQ==",
      "dependencies": {
        "pvtsutils": "^1.3.2",
        "pvutils": "^1.1.3",
        "tslib": "^2.4.0"
      },
      "engines": {
        "node": ">=12.0.0"
      }
    },
    "node_modules/xpath": {
      "version": "0.0.32",
      "resolved": "https://registry.npmjs.org/xpath/-/xpath-0.0.32.tgz",
      "integrity": "sha512-rxMJhSIoiO8vXcWvSifKqhvV96GjiD5wYb8/QHdoRyQvraTpp4IEv944nhGausZZ3u7dhQXteZuZbaqfpB7uYw==",
      "engines": {
        "node": ">=0.6.0"
      }
    },
    "node_modules/xpath.js": {
      "version": "1.1.0",
      "resolved": "https://registry.npmjs.org/xpath.js/-/xpath.js-1.1.0.tgz",
      "integrity": "sha512-jg+qkfS4K8E7965sqaUl8mRngXiKb3WZGfONgE18pr03FUQiuSV6G+Ej4tS55B+rIQSFEIw3phdVAQ4pPqNWfQ==",
      "engines": {
        "node": ">=0.4.0"
      }
    }
  },
  "dependencies": {
    "@fidm/asn1": {
      "version": "1.0.4",
      "resolved": "https://registry.npmjs.org/@fidm/asn1/-/asn1-1.0.4.tgz",
      "integrity": "sha512-esd1jyNvRb2HVaQGq2Gg8Z0kbQPXzV9Tq5Z14KNIov6KfFD6PTaRIO8UpcsYiTNzOqJpmyzWgVTrUwFV3UF4TQ=="
    },
    "@fidm/x509": {
      "version": "1.2.1",
      "resolved": "https://registry.npmjs.org/@fidm/x509/-/x509-1.2.1.tgz",
      "integrity": "sha512-nwc2iesjyc9hkuzcrMCBXQRn653XuAUKorfWM8PZyJawiy1QzLj4vahwzaI25+pfpwOLvMzbJ0uKpWLDNmo16w==",
      "requires": {
        "@fidm/asn1": "^1.0.4",
        "tweetnacl": "^1.0.1"
      }
    },
    "@types/lodash": {
      "version": "4.14.184",
      "resolved": "https://registry.npmjs.org/@types/lodash/-/lodash-4.14.184.tgz",
      "integrity": "sha512-RoZphVtHbxPZizt4IcILciSWiC6dcn+eZ8oX9IWEYfDMcocdd42f7NPI6fQj+6zI8y4E0L7gu2pcZKLGTRaV9Q==",
      "dev": true
    },
    "@types/node": {
      "version": "18.7.16",
      "resolved": "https://registry.npmjs.org/@types/node/-/node-18.7.16.tgz",
      "integrity": "sha512-EQHhixfu+mkqHMZl1R2Ovuvn47PUw18azMJOTwSZr9/fhzHNGXAJ0ma0dayRVchprpCj0Kc1K1xKoWaATWF1qg==",
      "dev": true
    },
    "@types/xmldom": {
      "version": "0.1.31",
      "resolved": "https://registry.npmjs.org/@types/xmldom/-/xmldom-0.1.31.tgz",
      "integrity": "sha512-bVy7s0nvaR5D1mT1a8ZkByHWNOGb6Vn4yi5TWhEdmyKlAG+08SA7Md6+jH+tYmMLueAwNeWvHHpeKrr6S4c4BA==",
      "dev": true
    },
    "@xmldom/xmldom": {
      "version": "0.8.2",
      "resolved": "https://registry.npmjs.org/@xmldom/xmldom/-/xmldom-0.8.2.tgz",
      "integrity": "sha512-+R0juSseERyoPvnBQ/cZih6bpF7IpCXlWbHRoCRzYzqpz6gWHOgf8o4MOEf6KBVuOyqU+gCNLkCWVIJAro8XyQ=="
    },
    "asn1.js": {
      "version": "5.4.1",
      "resolved": "https://registry.npmjs.org/asn1.js/-/asn1.js-5.4.1.tgz",
      "integrity": "sha512-+I//4cYPccV8LdmBLiX8CYvf9Sp3vQsrqu2QNXRcrbiWvcx/UdlFiqUJJzxRQxgsZmvhXhn4cSKeSmoFjVdupA==",
      "requires": {
        "bn.js": "^4.0.0",
        "inherits": "^2.0.1",
        "minimalistic-assert": "^1.0.0",
        "safer-buffer": "^2.1.0"
      }
    },
    "asn1.js-rfc5280": {
      "version": "3.0.0",
      "resolved": "https://registry.npmjs.org/asn1.js-rfc5280/-/asn1.js-rfc5280-3.0.0.tgz",
      "integrity": "sha512-Y2LZPOWeZ6qehv698ZgOGGCZXBQShObWnGthTrIFlIQjuV1gg2B8QOhWFRExq/MR1VnPpIIe7P9vX2vElxv+Pg==",
      "requires": {
        "asn1.js": "^5.0.0"
      }
    },
    "asn1js": {
      "version": "2.4.0",
      "resolved": "https://registry.npmjs.org/asn1js/-/asn1js-2.4.0.tgz",
      "integrity": "sha512-PvZC0FMyMut8aOnR2jAEGSkmRtHIUYPe9amUEnGjr9TdnUmsfoOkjrvUkOEU9mzpYBR1HyO9bF+8U1cLTMMHhQ==",
      "requires": {
        "pvutils": "^1.1.3"
      }
    },
    "bn.js": {
      "version": "4.12.0",
      "resolved": "https://registry.npmjs.org/bn.js/-/bn.js-4.12.0.tgz",
      "integrity": "sha512-c98Bf3tPniI+scsdk237ku1Dc3ujXQTSgyiPUDEOe7tRkhrqridvh8klBv0HCEso1OLOYcHuCv/cS6DNxKH+ZA=="
    },
    "fast-xml-parser": {
      "version": "4.0.9",
      "resolved": "https://registry.npmjs.org/fast-xml-parser/-/fast-xml-parser-4.0.9.tgz",
      "integrity": "sha512-4G8EzDg2Nb1Qurs3f7BpFV4+jpMVsdgLVuG1Uv8O2OHJfVCg7gcA53obuKbmVqzd4Y7YXVBK05oJG7hzGIdyzg==",
      "requires": {
        "strnum": "^1.0.5"
      }
    },
    "inherits": {
      "version": "2.0.4",
      "resolved": "https://registry.npmjs.org/inherits/-/inherits-2.0.4.tgz",
      "integrity": "sha512-k/vGaX4/Yla3WzyMCvTQOXYeIHvqOKtnqBduzTHpzpQZzAskKMhZ2K+EnBiSM9zGSoIFeMpXKxa4dYeZIQqewQ=="
    },
    "lodash": {
      "version": "4.17.21",
      "resolved": "https://registry.npmjs.org/lodash/-/lodash-4.17.21.tgz",
      "integrity": "sha512-v2kDEe57lecTulaDIuNTPy3Ry4gLGJ6Z1O3vE1krgXZNrsQ+LFTGHVxVjcXPs17LhbZVGedAJv8XZ1tvj5FvSg=="
    },
    "minimalistic-assert": {
      "version": "1.0.1",
      "resolved": "https://registry.npmjs.org/minimalistic-assert/-/minimalistic-assert-1.0.1.tgz",
      "integrity": "sha512-UtJcAD4yEaGtjPezWuO9wC4nwUnVH/8/Im3yEHQP4b67cXlD/Qr9hdITCU1xDbSEXg2XKNaP8jsReV7vQd00/A=="
    },
    "moment": {
      "version": "2.29.4",
      "resolved": "https://registry.npmjs.org/moment/-/moment-2.29.4.tgz",
      "integrity": "sha512-5LC9SOxjSc2HF6vO2CyuTDNivEdoz2IvyJJGj6X8DJ0eFyfszE0QiEd+iXmBvUP3WHxSjFH/vIsA0EN00cgr8w=="
    },
    "pvtsutils": {
      "version": "1.3.2",
      "resolved": "https://registry.npmjs.org/pvtsutils/-/pvtsutils-1.3.2.tgz",
      "integrity": "sha512-+Ipe2iNUyrZz+8K/2IOo+kKikdtfhRKzNpQbruF2URmqPtoqAs8g3xS7TJvFF2GcPXjh7DkqMnpVveRFq4PgEQ==",
      "requires": {
        "tslib": "^2.4.0"
      }
    },
    "pvutils": {
      "version": "1.1.3",
      "resolved": "https://registry.npmjs.org/pvutils/-/pvutils-1.1.3.tgz",
      "integrity": "sha512-pMpnA0qRdFp32b1sJl1wOJNxZLQ2cbQx+k6tjNtZ8CpvVhNqEPRgivZ2WOUev2YMajecdH7ctUPDvEe87nariQ=="
    },
    "safer-buffer": {
      "version": "2.1.2",
      "resolved": "https://registry.npmjs.org/safer-buffer/-/safer-buffer-2.1.2.tgz",
      "integrity": "sha512-YZo3K82SD7Riyi0E1EQPojLz7kpepnSQI9IyPbHHg1XXXevb5dJI7tpyN2ADxGcQbHG7vcyRHk0cbwqcQriUtg=="
    },
    "strnum": {
      "version": "1.0.5",
      "resolved": "https://registry.npmjs.org/strnum/-/strnum-1.0.5.tgz",
      "integrity": "sha512-J8bbNyKKXl5qYcR36TIO8W3mVGVHrmmxsd5PAItGkmyzwJvybiw2IVq5nqd0i4LSNSkB/sx9VHllbfFdr9k1JA=="
    },
    "tslib": {
      "version": "2.4.0",
      "resolved": "https://registry.npmjs.org/tslib/-/tslib-2.4.0.tgz",
      "integrity": "sha512-d6xOpEDfsi2CZVlPQzGeux8XMwLT9hssAsaPYExaQMuYskwb+x1x7J371tWlbBdWHroy99KnVB6qIkUbs5X3UQ=="
    },
    "tweetnacl": {
      "version": "1.0.3",
      "resolved": "https://registry.npmjs.org/tweetnacl/-/tweetnacl-1.0.3.tgz",
      "integrity": "sha512-6rt+RN7aOi1nGMyC4Xa5DdYiukl2UWCbcJft7YhxReBGQD7OAM8Pbxw6YMo4r2diNEA8FEmu32YOn9rhaiE5yw=="
    },
    "typescript": {
      "version": "4.8.3",
      "resolved": "https://registry.npmjs.org/typescript/-/typescript-4.8.3.tgz",
      "integrity": "sha512-goMHfm00nWPa8UvR/CPSvykqf6dVV8x/dp0c5mFTMTIu0u0FlGWRioyy7Nn0PGAdHxpJZnuO/ut+PpQ8UiHAig==",
      "dev": true
    },
    "xml-core": {
      "version": "1.1.5",
      "resolved": "https://registry.npmjs.org/xml-core/-/xml-core-1.1.5.tgz",
      "integrity": "sha512-6pZbMgvvtSxXSLmWkUPgFi274oljUHCBKm9GS4ySCXhXCODbJwB8e/UHHzbnnm4X1vVWMfXcip2vrLxN6KSbMw==",
      "requires": {
        "@xmldom/xmldom": "^0.8.2",
        "tslib": "^2.4.0",
        "xpath.js": "^1.1.0"
      }
    },
    "xmldom": {
      "version": "0.6.0",
      "resolved": "https://registry.npmjs.org/xmldom/-/xmldom-0.6.0.tgz",
      "integrity": "sha512-iAcin401y58LckRZ0TkI4k0VSM1Qg0KGSc3i8rU+xrxe19A/BN1zHyVSJY7uoutVlaTSzYyk/v5AmkewAP7jtg=="
    },
    "xmldsigjs": {
      "version": "2.5.0",
      "resolved": "https://registry.npmjs.org/xmldsigjs/-/xmldsigjs-2.5.0.tgz",
      "integrity": "sha512-1qh8+QCZk1zsL9yed3YD34vYGuFBDRowBlVPAiUAT9RRzjtSFRa28+wca+8AuLvFAzXEvvoRSS8A6zS3dpZEyw==",
      "requires": {
        "asn1js": "^2.4.0",
        "pkijs": "^2.3.0",
        "pvtsutils": "^1.3.2",
        "pvutils": "^1.1.3",
        "tslib": "^2.4.0",
        "xml-core": "^1.1.4",
        "xpath": "^0.0.32"
      },
      "dependencies": {
        "bytestreamjs": {
          "version": "1.1.3",
          "resolved": "https://registry.npmjs.org/bytestreamjs/-/bytestreamjs-1.1.3.tgz",
          "integrity": "sha512-JDGoiJ+yt+4Ui1e/vMWx5TRvmnErBBbsOkprXgbe1fRp2XZzI8MoknoiR/ZVCya9aWJbOhrJ5Heon1wrAdftkg=="
        },
        "pkijs": {
          "version": "2.4.0",
          "resolved": "https://registry.npmjs.org/pkijs/-/pkijs-2.4.0.tgz",
          "integrity": "sha512-cjJP/mYuGyMrjJ49jI04khId5Oufd3nFTUYBzQTIIVNI7/oAWdwXEfpwTF8HELFV/gz+WGYUBHCe3KHWD8rYvg==",
          "requires": {
            "asn1js": "^3.0.3",
            "bytestreamjs": "^1.0.29",
            "pvutils": "^1.1.3"
          },
          "dependencies": {
            "asn1js": {
              "version": "3.0.5",
              "resolved": "https://registry.npmjs.org/asn1js/-/asn1js-3.0.5.tgz",
              "integrity": "sha512-FVnvrKJwpt9LP2lAMl8qZswRNm3T4q9CON+bxldk2iwk3FFpuwhx2FfinyitizWHsVYyaY+y5JzDR0rCMV5yTQ==",
              "requires": {
                "pvtsutils": "^1.3.2",
                "pvutils": "^1.1.3",
                "tslib": "^2.4.0"
              }
            }
          }
        }
      }
    },
    "xpath": {
      "version": "0.0.32",
      "resolved": "https://registry.npmjs.org/xpath/-/xpath-0.0.32.tgz",
      "integrity": "sha512-rxMJhSIoiO8vXcWvSifKqhvV96GjiD5wYb8/QHdoRyQvraTpp4IEv944nhGausZZ3u7dhQXteZuZbaqfpB7uYw=="
    },
    "xpath.js": {
      "version": "1.1.0",
      "resolved": "https://registry.npmjs.org/xpath.js/-/xpath.js-1.1.0.tgz",
      "integrity": "sha512-jg+qkfS4K8E7965sqaUl8mRngXiKb3WZGfONgE18pr03FUQiuSV6G+Ej4tS55B+rIQSFEIw3phdVAQ4pPqNWfQ=="
    }
  }
}
